{
  "name": "@virtualbat/solax-battery-slotter",
  "version": "1.0.2",
  "lockfileVersion": 2,
  "requires": true,
  "packages": {
    "": {
      "name": "@virtualbat/solax-battery-slotter",
      "version": "1.0.2",
      "license": "ISC",
      "dependencies": {
        "@js-joda/core": "^5.2.0",
        "@virtualbat/entities": "file:../node-red-contrib-virtual-battery-entities"
      },
      "devDependencies": {
        "typescript": "^4.7.4"
      }
    },
    "../node-red-contrib-virtual-battery-entities": {
      "name": "@virtualbat/entities",
      "version": "1.0.0",
      "license": "ISC",
      "dependencies": {
        "@js-joda/core": "^5.2.0",
        "@js-joda/extra": "^0.8.0",
        "@js-joda/timezone": "^2.12.0"
      },
      "devDependencies": {
        "typescript": "^4.7.4"
      }
    },
    "node_modules/@js-joda/core": {
      "version": "5.2.0",
      "resolved": "https://registry.npmjs.org/@js-joda/core/-/core-5.2.0.tgz",
      "integrity": "sha512-0OriPYIaMLB3XiLQMe0BXKVIqeriTn3H7JMOzTsHEtt7Zqq+TetCu97KnAhU3ckiQZKBxfZshft+H1OC4D1lXw=="
    },
    "node_modules/@virtualbat/entities": {
      "resolved": "../node-red-contrib-virtual-battery-entities",
      "link": true
    },
    "node_modules/typescript": {
      "version": "4.9.3",
      "resolved": "https://registry.npmjs.org/typescript/-/typescript-4.9.3.tgz",
      "integrity": "sha512-CIfGzTelbKNEnLpLdGFgdyKhG23CKdKgQPOBc+OUNrkJ2vr+KSzsSV5kq5iWhEQbok+quxgGzrAtGWCyU7tHnA==",
      "dev": true,
      "bin": {
        "tsc": "bin/tsc",
        "tsserver": "bin/tsserver"
      },
      "engines": {
        "node": ">=4.2.0"
      }
    }
  },
  "dependencies": {
    "@js-joda/core": {
      "version": "5.2.0",
      "resolved": "https://registry.npmjs.org/@js-joda/core/-/core-5.2.0.tgz",
      "integrity": "sha512-0OriPYIaMLB3XiLQMe0BXKVIqeriTn3H7JMOzTsHEtt7Zqq+TetCu97KnAhU3ckiQZKBxfZshft+H1OC4D1lXw=="
    },
    "@virtualbat/entities": {
      "version": "file:../node-red-contrib-virtual-battery-entities",
      "requires": {
        "@js-joda/core": "^5.2.0",
        "@js-joda/extra": "^0.8.0",
        "@js-joda/timezone": "^2.12.0",
        "typescript": "^4.7.4"
      }
    },
    "typescript": {
      "version": "4.9.3",
      "resolved": "https://registry.npmjs.org/typescript/-/typescript-4.9.3.tgz",
      "integrity": "sha512-CIfGzTelbKNEnLpLdGFgdyKhG23CKdKgQPOBc+OUNrkJ2vr+KSzsSV5kq5iWhEQbok+quxgGzrAtGWCyU7tHnA==",
      "dev": true
    }
  }
}
