{
  "name": "@virtualbat/solax-battery-slotter",
  "version": "1.1.0",
  "lockfileVersion": 2,
  "requires": true,
  "packages": {
    "": {
      "name": "@virtualbat/solax-battery-slotter",
      "version": "1.1.0",
      "license": "ISC",
      "dependencies": {
        "@js-joda/core": "^5.2.0",
        "@virtualbat/entities": "1.0.5"
      },
      "devDependencies": {
        "typescript": "^4.7.4"
      }
    },
    "../node-red-contrib-virtual-battery-entities": {
      "name": "@virtualbat/entities",
      "version": "1.0.1",
      "extraneous": true,
      "license": "ISC",
      "dependencies": {
        "@js-joda/core": "^5.2.0",
        "@js-joda/extra": "^0.8.0",
        "@js-joda/timezone": "^2.12.0"
      },
      "devDependencies": {
        "typescript": "^4.7.4"
      }
    },
    "node_modules/@js-joda/core": {
      "version": "5.2.0",
      "resolved": "https://registry.npmjs.org/@js-joda/core/-/core-5.2.0.tgz",
      "integrity": "sha512-0OriPYIaMLB3XiLQMe0BXKVIqeriTn3H7JMOzTsHEtt7Zqq+TetCu97KnAhU3ckiQZKBxfZshft+H1OC4D1lXw=="
    },
    "node_modules/@js-joda/extra": {
      "version": "0.8.1",
      "resolved": "https://registry.npmjs.org/@js-joda/extra/-/extra-0.8.1.tgz",
      "integrity": "sha512-cy75u5SDO/HFWNNoMuu/2v1ecUdEuJFbdlTBdRTJdrYjZC8/UtmMAYxmsHhoU3MdhwSP7ONQy2dLXQa/MwKNog==",
      "peerDependencies": {
        "@js-joda/core": ">=1.11.0"
      }
    },
    "node_modules/@js-joda/timezone": {
      "version": "2.15.0",
      "resolved": "https://registry.npmjs.org/@js-joda/timezone/-/timezone-2.15.0.tgz",
      "integrity": "sha512-J7afu2PNR71IUvhZW4IBX+BpuuTESk9A1UklZz6T3g3yBsVER60lLueHop1iMXbqnTh85qPQ7NVRbgSYKK4BcA==",
      "peerDependencies": {
        "@js-joda/core": ">=1.11.0"
      }
    },
    "node_modules/@virtualbat/entities": {
      "version": "1.0.5",
      "resolved": "https://registry.npmjs.org/@virtualbat/entities/-/entities-1.0.5.tgz",
      "integrity": "sha512-Kiv1j+QJFE44Noe+YNmGaHpQ9tRbqEVSVe+fTzLbpFmaG9HQMQoxk3F22fJyrwP/XqpzTdeHbce/JX4TMTVlFQ==",
      "dependencies": {
        "@js-joda/core": "^5.2.0",
        "@js-joda/extra": "^0.8.0",
        "@js-joda/timezone": "^2.12.0"
      }
    },
    "node_modules/typescript": {
      "version": "4.9.3",
      "resolved": "https://registry.npmjs.org/typescript/-/typescript-4.9.3.tgz",
      "integrity": "sha512-CIfGzTelbKNEnLpLdGFgdyKhG23CKdKgQPOBc+OUNrkJ2vr+KSzsSV5kq5iWhEQbok+quxgGzrAtGWCyU7tHnA==",
      "dev": true,
      "bin": {
        "tsc": "bin/tsc",
        "tsserver": "bin/tsserver"
      },
      "engines": {
        "node": ">=4.2.0"
      }
    }
  },
  "dependencies": {
    "@js-joda/core": {
      "version": "5.2.0",
      "resolved": "https://registry.npmjs.org/@js-joda/core/-/core-5.2.0.tgz",
      "integrity": "sha512-0OriPYIaMLB3XiLQMe0BXKVIqeriTn3H7JMOzTsHEtt7Zqq+TetCu97KnAhU3ckiQZKBxfZshft+H1OC4D1lXw=="
    },
    "@js-joda/extra": {
      "version": "0.8.1",
      "resolved": "https://registry.npmjs.org/@js-joda/extra/-/extra-0.8.1.tgz",
      "integrity": "sha512-cy75u5SDO/HFWNNoMuu/2v1ecUdEuJFbdlTBdRTJdrYjZC8/UtmMAYxmsHhoU3MdhwSP7ONQy2dLXQa/MwKNog==",
      "requires": {}
    },
    "@js-joda/timezone": {
      "version": "2.15.0",
      "resolved": "https://registry.npmjs.org/@js-joda/timezone/-/timezone-2.15.0.tgz",
      "integrity": "sha512-J7afu2PNR71IUvhZW4IBX+BpuuTESk9A1UklZz6T3g3yBsVER60lLueHop1iMXbqnTh85qPQ7NVRbgSYKK4BcA==",
      "requires": {}
    },
    "@virtualbat/entities": {
      "version": "1.0.5",
      "resolved": "https://registry.npmjs.org/@virtualbat/entities/-/entities-1.0.5.tgz",
      "integrity": "sha512-Kiv1j+QJFE44Noe+YNmGaHpQ9tRbqEVSVe+fTzLbpFmaG9HQMQoxk3F22fJyrwP/XqpzTdeHbce/JX4TMTVlFQ==",
      "requires": {
        "@js-joda/core": "^5.2.0",
        "@js-joda/extra": "^0.8.0",
        "@js-joda/timezone": "^2.12.0"
      }
    },
    "typescript": {
      "version": "4.9.3",
      "resolved": "https://registry.npmjs.org/typescript/-/typescript-4.9.3.tgz",
      "integrity": "sha512-CIfGzTelbKNEnLpLdGFgdyKhG23CKdKgQPOBc+OUNrkJ2vr+KSzsSV5kq5iWhEQbok+quxgGzrAtGWCyU7tHnA==",
      "dev": true
    }
  }
}
